
Microsoft Visual Studio Solution File, Format Version 12.00
# Visual Studio Version 16
VisualStudioVersion = 16.0.30907.101
MinimumVisualStudioVersion = 10.0.40219.1
Project("{F184B08F-C81C-45F6-A57F-5ABD9991F28F}") = "AtividadeJS", "AtividadeJS\AtividadeJS.vbproj", "{1AF06AF6-B8B6-4A39-82C2-668531DF0396}"
EndProject
Global
	GlobalSection(SolutionConfigurationPlatforms) = preSolution
		Debug|Any CPU = Debug|Any CPU
		Release|Any CPU = Release|Any CPU
	EndGlobalSection
	GlobalSection(ProjectConfigurationPlatforms) = postSolution
		{1AF06AF6-B8B6-4A39-82C2-668531DF0396}.Debug|Any CPU.ActiveCfg = Debug|Any CPU
		{1AF06AF6-B8B6-4A39-82C2-668531DF0396}.Debug|Any CPU.Build.0 = Debug|Any CPU
		{1AF06AF6-B8B6-4A39-82C2-668531DF0396}.Release|Any CPU.ActiveCfg = Release|Any CPU
		{1AF06AF6-B8B6-4A39-82C2-668531DF0396}.Release|Any CPU.Build.0 = Release|Any CPU
	EndGlobalSection
	GlobalSection(SolutionProperties) = preSolution
		HideSolutionNode = FALSE
	EndGlobalSection
	GlobalSection(ExtensibilityGlobals) = postSolution
		SolutionGuid = {FED63936-4BDE-4D2C-9743-C269C5D86D14}
	EndGlobalSection
EndGlobal
